<?xml version="1.0" encoding="utf-8"?>
<Project ToolsVersion="4.0" xmlns="http://schemas.microsoft.com/developer/msbuild/2003">
  <ItemGroup>
    <Filter Include="Src">
      <UniqueIdentifier>{3aa07655-1390-4f8d-9d27-a86d4ec1c265}</UniqueIdentifier>
    </Filter>
    <Filter Include="imgui">
      <UniqueIdentifier>{270397e4-c17f-42e5-8c2d-d7c8a4829eeb}</UniqueIdentifier>
    </Filter>
    <Filter Include="cJSON">
      <UniqueIdentifier>{012413ab-cef1-41b1-836c-a21b3a489922}</UniqueIdentifier>
    </Filter>
  </ItemGroup>
  <ItemGroup>
    <ClCompile Include="Src\imgui.cpp">
      <Filter>imgui</Filter>
    </ClCompile>
    <ClCompile Include="Src\imgui_demo.cpp">
      <Filter>imgui</Filter>
    </ClCompile>
    <ClCompile Include="Src\imgui_draw.cpp">
      <Filter>imgui</Filter>
    </ClCompile>
    <ClCompile Include="Src\cJSON.c">
      <Filter>cJSON</Filter>
    </ClCompile>
    <ClCompile Include="Src\imgui_impl_dx9.cpp">
      <Filter>Src</Filter>
    </ClCompile>
    <ClCompile Include="Src\inc.cpp">
      <Filter>Src</Filter>
    </ClCompile>
    <ClCompile Include="Src\main.cpp">
      <Filter>Src</Filter>
    </ClCompile>
    <ClCompile Include="Src\EditorMain.cpp">
      <Filter>Src</Filter>
    </ClCompile>
  </ItemGroup>
  <ItemGroup>
    <ClInclude Include="Src\imconfig.h">
      <Filter>imgui</Filter>
    </ClInclude>
    <ClInclude Include="Src\imgui.h">
      <Filter>imgui</Filter>
    </ClInclude>
    <ClInclude Include="Src\imgui_internal.h">
      <Filter>imgui</Filter>
    </ClInclude>
    <ClInclude Include="Src\stb_rect_pack.h">
      <Filter>imgui</Filter>
    </ClInclude>
    <ClInclude Include="Src\stb_textedit.h">
      <Filter>imgui</Filter>
    </ClInclude>
    <ClInclude Include="Src\stb_truetype.h">
      <Filter>imgui</Filter>
    </ClInclude>
    <ClInclude Include="Src\cJSON.h">
      <Filter>cJSON</Filter>
    </ClInclude>
    <ClInclude Include="Src\imgui_impl_dx9.h">
      <Filter>Src</Filter>
    </ClInclude>
    <ClInclude Include="Src\inc.h">
      <Filter>Src</Filter>
    </ClInclude>
    <ClInclude Include="Src\EditorMain.h">
      <Filter>Src</Filter>
    </ClInclude>
    <ClInclude Include="Src\BlogModel.h">
      <Filter>Src</Filter>
    </ClInclude>
  </ItemGroup>
</Project>